
Microsoft Visual Studio Solution File, Format Version 12.00
# Visual Studio 14
VisualStudioVersion = 14.0.24720.0
MinimumVisualStudioVersion = 10.0.40219.1
Project("{FAE04EC0-301F-11D3-BF4B-00C04F79EFBC}") = "MHAT.Console.ProcessTemplate", "MHAT.Console.ProcessTemplate\MHAT.Console.ProcessTemplate.csproj", "{417C510C-57EB-48E9-B225-B30F02EC81B4}"
EndProject
Global
	GlobalSection(SolutionConfigurationPlatforms) = preSolution
		Debug|Any CPU = Debug|Any CPU
		Release|Any CPU = Release|Any CPU
	EndGlobalSection
	GlobalSection(ProjectConfigurationPlatforms) = postSolution
		{417C510C-57EB-48E9-B225-B30F02EC81B4}.Debug|Any CPU.ActiveCfg = Debug|Any CPU
		{417C510C-57EB-48E9-B225-B30F02EC81B4}.Debug|Any CPU.Build.0 = Debug|Any CPU
		{417C510C-57EB-48E9-B225-B30F02EC81B4}.Release|Any CPU.ActiveCfg = Release|Any CPU
		{417C510C-57EB-48E9-B225-B30F02EC81B4}.Release|Any CPU.Build.0 = Release|Any CPU
	EndGlobalSection
	GlobalSection(SolutionProperties) = preSolution
		HideSolutionNode = FALSE
	EndGlobalSection
	GlobalSection(CodealikeProperties) = postSolution
		SolutionGuid = 59ea49e6-0a7b-4e33-a04b-b5bc65bf7a98
	EndGlobalSection
EndGlobal
